
Microsoft Visual Studio Solution File, Format Version 12.00
# Visual Studio Version 17
VisualStudioVersion = 17.9.34616.47
MinimumVisualStudioVersion = 10.0.40219.1
Project("{8BC9CEB8-8B4A-11D0-8D11-00A0C91BC942}") = "WinAPI", "WinAPI\WinAPI.vcxproj", "{31592C1B-6473-4D2E-8304-8551DD0FEE3A}"
EndProject
Project("{8BC9CEB8-8B4A-11D0-8D11-00A0C91BC942}") = "ComboBox", "ComboBox\ComboBox.vcxproj", "{14F01E05-2AA3-4961-A185-1598E7234F7B}"
EndProject
Project("{8BC9CEB8-8B4A-11D0-8D11-00A0C91BC942}") = "ListBox", "ListBox\ListBox.vcxproj", "{DBA13E42-1C71-4B67-9F1E-F3B35DAA02B0}"
EndProject
Global
	GlobalSection(SolutionConfigurationPlatforms) = preSolution
		Debug|x64 = Debug|x64
		Debug|x86 = Debug|x86
		Release|x64 = Release|x64
		Release|x86 = Release|x86
	EndGlobalSection
	GlobalSection(ProjectConfigurationPlatforms) = postSolution
		{31592C1B-6473-4D2E-8304-8551DD0FEE3A}.Debug|x64.ActiveCfg = Debug|x64
		{31592C1B-6473-4D2E-8304-8551DD0FEE3A}.Debug|x64.Build.0 = Debug|x64
		{31592C1B-6473-4D2E-8304-8551DD0FEE3A}.Debug|x86.ActiveCfg = Debug|Win32
		{31592C1B-6473-4D2E-8304-8551DD0FEE3A}.Debug|x86.Build.0 = Debug|Win32
		{31592C1B-6473-4D2E-8304-8551DD0FEE3A}.Release|x64.ActiveCfg = Release|x64
		{31592C1B-6473-4D2E-8304-8551DD0FEE3A}.Release|x64.Build.0 = Release|x64
		{31592C1B-6473-4D2E-8304-8551DD0FEE3A}.Release|x86.ActiveCfg = Release|Win32
		{31592C1B-6473-4D2E-8304-8551DD0FEE3A}.Release|x86.Build.0 = Release|Win32
		{14F01E05-2AA3-4961-A185-1598E7234F7B}.Debug|x64.ActiveCfg = Debug|x64
		{14F01E05-2AA3-4961-A185-1598E7234F7B}.Debug|x64.Build.0 = Debug|x64
		{14F01E05-2AA3-4961-A185-1598E7234F7B}.Debug|x86.ActiveCfg = Debug|Win32
		{14F01E05-2AA3-4961-A185-1598E7234F7B}.Debug|x86.Build.0 = Debug|Win32
		{14F01E05-2AA3-4961-A185-1598E7234F7B}.Release|x64.ActiveCfg = Release|x64
		{14F01E05-2AA3-4961-A185-1598E7234F7B}.Release|x64.Build.0 = Release|x64
		{14F01E05-2AA3-4961-A185-1598E7234F7B}.Release|x86.ActiveCfg = Release|Win32
		{14F01E05-2AA3-4961-A185-1598E7234F7B}.Release|x86.Build.0 = Release|Win32
		{DBA13E42-1C71-4B67-9F1E-F3B35DAA02B0}.Debug|x64.ActiveCfg = Debug|x64
		{DBA13E42-1C71-4B67-9F1E-F3B35DAA02B0}.Debug|x64.Build.0 = Debug|x64
		{DBA13E42-1C71-4B67-9F1E-F3B35DAA02B0}.Debug|x86.ActiveCfg = Debug|Win32
		{DBA13E42-1C71-4B67-9F1E-F3B35DAA02B0}.Debug|x86.Build.0 = Debug|Win32
		{DBA13E42-1C71-4B67-9F1E-F3B35DAA02B0}.Release|x64.ActiveCfg = Release|x64
		{DBA13E42-1C71-4B67-9F1E-F3B35DAA02B0}.Release|x64.Build.0 = Release|x64
		{DBA13E42-1C71-4B67-9F1E-F3B35DAA02B0}.Release|x86.ActiveCfg = Release|Win32
		{DBA13E42-1C71-4B67-9F1E-F3B35DAA02B0}.Release|x86.Build.0 = Release|Win32
	EndGlobalSection
	GlobalSection(SolutionProperties) = preSolution
		HideSolutionNode = FALSE
	EndGlobalSection
	GlobalSection(ExtensibilityGlobals) = postSolution
		SolutionGuid = {59AABD7B-018F-4547-95F5-4F3E0ACA0DAB}
	EndGlobalSection
EndGlobal
